{
  "name": "ooad-frontend",
  "version": "0.0.0",
  "lockfileVersion": 1,
  "requires": true,
  "dependencies": {
    "@types/crypto-js": {
      "version": "3.1.39",
      "resolved": "https://registry.npmjs.org/@types/crypto-js/-/crypto-js-3.1.39.tgz",
      "integrity": "sha512-LNPf60hAYUnjqeUwWxFrJwjPwOFIwQNy/xdVRQMWnsly38M23lLjhG3osdAJQ74jOplIUCjOhibpqOos0l0FHA==",
      "dev": true
    },
    "crypto-js": {
      "version": "3.1.9-1",
      "resolved": "https://registry.npmjs.org/crypto-js/-/crypto-js-3.1.9-1.tgz",
      "integrity": "sha1-/aGedh/Ad+Af+/3G6f38WeiAbNg="
    }
  }
}
